
Microsoft Visual Studio Solution File, Format Version 12.00
# Visual Studio Version 16
VisualStudioVersion = 16.0.29709.97
MinimumVisualStudioVersion = 10.0.40219.1
Project("{FAE04EC0-301F-11D3-BF4B-00C04F79EFBC}") = "MarathonSkills2020", "MarathonSkills2020\MarathonSkills2020.csproj", "{5F5A353D-22FC-4BB5-AF90-F852A5319378}"
EndProject
Global
	GlobalSection(SolutionConfigurationPlatforms) = preSolution
		Debug|Any CPU = Debug|Any CPU
		Release|Any CPU = Release|Any CPU
	EndGlobalSection
	GlobalSection(ProjectConfigurationPlatforms) = postSolution
		{5F5A353D-22FC-4BB5-AF90-F852A5319378}.Debug|Any CPU.ActiveCfg = Debug|Any CPU
		{5F5A353D-22FC-4BB5-AF90-F852A5319378}.Debug|Any CPU.Build.0 = Debug|Any CPU
		{5F5A353D-22FC-4BB5-AF90-F852A5319378}.Release|Any CPU.ActiveCfg = Release|Any CPU
		{5F5A353D-22FC-4BB5-AF90-F852A5319378}.Release|Any CPU.Build.0 = Release|Any CPU
	EndGlobalSection
	GlobalSection(SolutionProperties) = preSolution
		HideSolutionNode = FALSE
	EndGlobalSection
	GlobalSection(ExtensibilityGlobals) = postSolution
		SolutionGuid = {2D768DDA-E729-4564-AE54-BFD649D7CCAA}
	EndGlobalSection
EndGlobal
